
Microsoft Visual Studio Solution File, Format Version 12.00
# Visual Studio 15
VisualStudioVersion = 15.0.28307.1300
MinimumVisualStudioVersion = 10.0.40219.1
Project("{F14B399A-7131-4C87-9E4B-1186C45EF12D}") = "ReportPractice", "ReportPractice\ReportPractice.rptproj", "{A880520A-C920-4A8A-9487-CBAC5911208C}"
EndProject
Global
	GlobalSection(SolutionConfigurationPlatforms) = preSolution
		Debug|Default = Debug|Default
		DebugLocal|Default = DebugLocal|Default
		Release|Default = Release|Default
	EndGlobalSection
	GlobalSection(ProjectConfigurationPlatforms) = postSolution
		{A880520A-C920-4A8A-9487-CBAC5911208C}.Debug|Default.ActiveCfg = Debug
		{A880520A-C920-4A8A-9487-CBAC5911208C}.Debug|Default.Build.0 = Debug
		{A880520A-C920-4A8A-9487-CBAC5911208C}.Debug|Default.Deploy.0 = Debug
		{A880520A-C920-4A8A-9487-CBAC5911208C}.DebugLocal|Default.ActiveCfg = DebugLocal
		{A880520A-C920-4A8A-9487-CBAC5911208C}.DebugLocal|Default.Build.0 = DebugLocal
		{A880520A-C920-4A8A-9487-CBAC5911208C}.Release|Default.ActiveCfg = Release
		{A880520A-C920-4A8A-9487-CBAC5911208C}.Release|Default.Build.0 = Release
		{A880520A-C920-4A8A-9487-CBAC5911208C}.Release|Default.Deploy.0 = Release
	EndGlobalSection
	GlobalSection(SolutionProperties) = preSolution
		HideSolutionNode = FALSE
	EndGlobalSection
	GlobalSection(ExtensibilityGlobals) = postSolution
		SolutionGuid = {311DCBDD-FCB4-4C4F-9EB1-33B00D3C261C}
	EndGlobalSection
EndGlobal
